
Microsoft Visual Studio Solution File, Format Version 12.00
# Visual Studio Version 17
VisualStudioVersion = 17.8.34525.116
MinimumVisualStudioVersion = 10.0.40219.1
Project("{FAE04EC0-301F-11D3-BF4B-00C04F79EFBC}") = "QudrantHub", "QudrantHub\QudrantHub.csproj", "{CC8EE5FF-E350-4E3A-A9F8-2CC60378AD90}"
EndProject
Global
	GlobalSection(SolutionConfigurationPlatforms) = preSolution
		Debug|Any CPU = Debug|Any CPU
		Release|Any CPU = Release|Any CPU
	EndGlobalSection
	GlobalSection(ProjectConfigurationPlatforms) = postSolution
		{CC8EE5FF-E350-4E3A-A9F8-2CC60378AD90}.Debug|Any CPU.ActiveCfg = Debug|Any CPU
		{CC8EE5FF-E350-4E3A-A9F8-2CC60378AD90}.Debug|Any CPU.Build.0 = Debug|Any CPU
		{CC8EE5FF-E350-4E3A-A9F8-2CC60378AD90}.Release|Any CPU.ActiveCfg = Release|Any CPU
		{CC8EE5FF-E350-4E3A-A9F8-2CC60378AD90}.Release|Any CPU.Build.0 = Release|Any CPU
	EndGlobalSection
	GlobalSection(SolutionProperties) = preSolution
		HideSolutionNode = FALSE
	EndGlobalSection
	GlobalSection(ExtensibilityGlobals) = postSolution
		SolutionGuid = {145B0E53-4D2C-4C39-A094-4635EEDF7FBC}
	EndGlobalSection
EndGlobal
